
Microsoft Visual Studio Solution File, Format Version 12.00
# Visual Studio Version 16
VisualStudioVersion = 16.0.29519.87
MinimumVisualStudioVersion = 10.0.40219.1
Project("{FAE04EC0-301F-11D3-BF4B-00C04F79EFBC}") = "buzzgame", "buzzgame.csproj", "{033B5A3C-F2F6-4596-92A6-CCC8FAF27D0B}"
EndProject
Global
	GlobalSection(SolutionConfigurationPlatforms) = preSolution
		Debug|Any CPU = Debug|Any CPU
		Release|Any CPU = Release|Any CPU
	EndGlobalSection
	GlobalSection(ProjectConfigurationPlatforms) = postSolution
		{033B5A3C-F2F6-4596-92A6-CCC8FAF27D0B}.Debug|Any CPU.ActiveCfg = Debug|Any CPU
		{033B5A3C-F2F6-4596-92A6-CCC8FAF27D0B}.Debug|Any CPU.Build.0 = Debug|Any CPU
		{033B5A3C-F2F6-4596-92A6-CCC8FAF27D0B}.Release|Any CPU.ActiveCfg = Release|Any CPU
		{033B5A3C-F2F6-4596-92A6-CCC8FAF27D0B}.Release|Any CPU.Build.0 = Release|Any CPU
	EndGlobalSection
	GlobalSection(SolutionProperties) = preSolution
		HideSolutionNode = FALSE
	EndGlobalSection
	GlobalSection(ExtensibilityGlobals) = postSolution
		SolutionGuid = {2A47CE29-5A21-4A2B-A02A-2D15E3FF928D}
	EndGlobalSection
EndGlobal
